PODS:
  - FlutterMacOS (1.0.0)
  - printing (1.0.0):
    - FlutterMacOS
  - sqflite_darwin (0.0.4):
    - Flutter
    - FlutterMacOS
  - stylus_support (0.0.1):
    - FlutterMacOS

DEPENDENCIES:
  - FlutterMacOS (from `Flutter/ephemeral`)
  - printing (from `Flutter/ephemeral/.symlinks/plugins/printing/macos`)
  - sqflite_darwin (from `Flutter/ephemeral/.symlinks/plugins/sqflite_darwin/darwin`)
  - stylus_support (from `Flutter/ephemeral/.symlinks/plugins/stylus_support/macos`)

EXTERNAL SOURCES:
  FlutterMacOS:
    :path: Flutter/ephemeral
  printing:
    :path: Flutter/ephemeral/.symlinks/plugins/printing/macos
  sqflite_darwin:
    :path: Flutter/ephemeral/.symlinks/plugins/sqflite_darwin/darwin
  stylus_support:
    :path: Flutter/ephemeral/.symlinks/plugins/stylus_support/macos

SPEC CHECKSUMS:
  FlutterMacOS: 8f6f14fa908a6fb3fba0cd85dbd81ec4b251fb24
  printing: c4cf83c78fd684f9bc318e6aadc18972aa48f617
  sqflite_darwin: 20b2a3a3b70e43edae938624ce550a3cbf66a3d0
  stylus_support: 4c0671bc82721cebdb588510ca1ce01421f3296b

PODFILE CHECKSUM: 7eb978b976557c8c1cd717d8185ec483fd090a82

COCOAPODS: 1.16.2
