PODS:
  - FlutterMacOS (1.0.0)
  - stylus_support (0.0.1):
    - FlutterMacOS

DEPENDENCIES:
  - FlutterMacOS (from `Flutter/ephemeral`)
  - stylus_support (from `Flutter/ephemeral/.symlinks/plugins/stylus_support/macos`)

EXTERNAL SOURCES:
  FlutterMacOS:
    :path: Flutter/ephemeral
  stylus_support:
    :path: Flutter/ephemeral/.symlinks/plugins/stylus_support/macos

SPEC CHECKSUMS:
  FlutterMacOS: 8f6f14fa908a6fb3fba0cd85dbd81ec4b251fb24
  stylus_support: 4c0671bc82721cebdb588510ca1ce01421f3296b

PODFILE CHECKSUM: 7eb978b976557c8c1cd717d8185ec483fd090a82

COCOAPODS: 1.16.2
